
Microsoft Visual Studio Solution File, Format Version 12.00
# Visual Studio 15
VisualStudioVersion = 15.0.28307.102
MinimumVisualStudioVersion = 10.0.40219.1
Project("{8BC9CEB8-8B4A-11D0-8D11-00A0C91BC942}") = "25.12.2018", "25.12.2018\25.12.2018.vcxproj", "{D6E5F1D3-F025-4B1B-8812-F1E116705DD6}"
EndProject
Global
	GlobalSection(SolutionConfigurationPlatforms) = preSolution
		Debug|x64 = Debug|x64
		Debug|x86 = Debug|x86
		Release|x64 = Release|x64
		Release|x86 = Release|x86
	EndGlobalSection
	GlobalSection(ProjectConfigurationPlatforms) = postSolution
		{D6E5F1D3-F025-4B1B-8812-F1E116705DD6}.Debug|x64.ActiveCfg = Debug|x64
		{D6E5F1D3-F025-4B1B-8812-F1E116705DD6}.Debug|x64.Build.0 = Debug|x64
		{D6E5F1D3-F025-4B1B-8812-F1E116705DD6}.Debug|x86.ActiveCfg = Debug|Win32
		{D6E5F1D3-F025-4B1B-8812-F1E116705DD6}.Debug|x86.Build.0 = Debug|Win32
		{D6E5F1D3-F025-4B1B-8812-F1E116705DD6}.Release|x64.ActiveCfg = Release|x64
		{D6E5F1D3-F025-4B1B-8812-F1E116705DD6}.Release|x64.Build.0 = Release|x64
		{D6E5F1D3-F025-4B1B-8812-F1E116705DD6}.Release|x86.ActiveCfg = Release|Win32
		{D6E5F1D3-F025-4B1B-8812-F1E116705DD6}.Release|x86.Build.0 = Release|Win32
	EndGlobalSection
	GlobalSection(SolutionProperties) = preSolution
		HideSolutionNode = FALSE
	EndGlobalSection
	GlobalSection(ExtensibilityGlobals) = postSolution
		SolutionGuid = {EF8459F8-01AE-403B-B406-2203CBBB24AF}
	EndGlobalSection
EndGlobal
